
Microsoft Visual Studio Solution File, Format Version 12.00
# Visual Studio Version 16
VisualStudioVersion = 16.0.29102.190
MinimumVisualStudioVersion = 10.0.40219.1
Project("{FAE04EC0-301F-11D3-BF4B-00C04F79EFBC}") = "Anarchy", "Anarchy\Anarchy.csproj", "{7F6F1AAC-E4DC-4FE7-8166-5B7AEC6FEB4C}"
EndProject
Project("{FAE04EC0-301F-11D3-BF4B-00C04F79EFBC}") = "Testing", "Testing\Testing.csproj", "{9FD23EEB-3FF4-41EF-A895-B119A5B253EE}"
EndProject
Project("{FAE04EC0-301F-11D3-BF4B-00C04F79EFBC}") = "Anarchy.Puppeteer", "Anarchy.Puppeteer\Anarchy.Puppeteer.csproj", "{4B8F8D78-65C9-4CD2-97E2-880B9BA0B804}"
EndProject
Project("{FAE04EC0-301F-11D3-BF4B-00C04F79EFBC}") = "MusicBot", "Example projects\MusicBot\MusicBot.csproj", "{1FF20335-E341-436E-8C3E-47BA78665644}"
EndProject
Project("{FAE04EC0-301F-11D3-BF4B-00C04F79EFBC}") = "VCSpammer", "Example projects\VCSpammer\VCSpammer.csproj", "{817BA7A4-8CD6-4C3E-9EDE-F20104F9917D}"
EndProject
Project("{FAE04EC0-301F-11D3-BF4B-00C04F79EFBC}") = "NicknameAnimation", "Example projects\NicknameAnimation\NicknameAnimation.csproj", "{9E1DB443-797C-4A24-9C94-508240FD7CDB}"
EndProject
Project("{FAE04EC0-301F-11D3-BF4B-00C04F79EFBC}") = "GuildDuplicator", "Example projects\GuildDuplicator\GuildDuplicator.csproj", "{DE5B0BD3-079D-4C9B-B5BB-582E72A4A0AF}"
EndProject
Project("{FAE04EC0-301F-11D3-BF4B-00C04F79EFBC}") = "MessageListener", "Example projects\MessageListener\MessageListener.csproj", "{F87B4C37-8004-493D-9595-719B8165D210}"
EndProject
Project("{FAE04EC0-301F-11D3-BF4B-00C04F79EFBC}") = "TicTacToe", "TicTacToe\TicTacToe.csproj", "{761FB81F-4649-4302-9B21-8BE20AABDFC1}"
EndProject
Global
	GlobalSection(SolutionConfigurationPlatforms) = preSolution
		Debug_Ubuntu|Any CPU = Debug_Ubuntu|Any CPU
		Debug_Ubuntu|x64 = Debug_Ubuntu|x64
		Debug|Any CPU = Debug|Any CPU
		Debug|x64 = Debug|x64
		DebugToConsole|Any CPU = DebugToConsole|Any CPU
		DebugToConsole|x64 = DebugToConsole|x64
		Release Examples|Any CPU = Release Examples|Any CPU
		Release Examples|x64 = Release Examples|x64
		Release_Ubuntu|Any CPU = Release_Ubuntu|Any CPU
		Release_Ubuntu|x64 = Release_Ubuntu|x64
		Release|Any CPU = Release|Any CPU
		Release|x64 = Release|x64
		ReleaseLibs|Any CPU = ReleaseLibs|Any CPU
		ReleaseLibs|x64 = ReleaseLibs|x64
	EndGlobalSection
	GlobalSection(ProjectConfigurationPlatforms) = postSolution
		{7F6F1AAC-E4DC-4FE7-8166-5B7AEC6FEB4C}.Debug_Ubuntu|Any CPU.ActiveCfg = Debug|Any CPU
		{7F6F1AAC-E4DC-4FE7-8166-5B7AEC6FEB4C}.Debug_Ubuntu|Any CPU.Build.0 = Debug|Any CPU
		{7F6F1AAC-E4DC-4FE7-8166-5B7AEC6FEB4C}.Debug_Ubuntu|x64.ActiveCfg = Debug|Any CPU
		{7F6F1AAC-E4DC-4FE7-8166-5B7AEC6FEB4C}.Debug_Ubuntu|x64.Build.0 = Debug|Any CPU
		{7F6F1AAC-E4DC-4FE7-8166-5B7AEC6FEB4C}.Debug|Any CPU.ActiveCfg = Debug|Any CPU
		{7F6F1AAC-E4DC-4FE7-8166-5B7AEC6FEB4C}.Debug|Any CPU.Build.0 = Debug|Any CPU
		{7F6F1AAC-E4DC-4FE7-8166-5B7AEC6FEB4C}.Debug|x64.ActiveCfg = Debug|Any CPU
		{7F6F1AAC-E4DC-4FE7-8166-5B7AEC6FEB4C}.Debug|x64.Build.0 = Debug|Any CPU
		{7F6F1AAC-E4DC-4FE7-8166-5B7AEC6FEB4C}.DebugToConsole|Any CPU.ActiveCfg = Debug|Any CPU
		{7F6F1AAC-E4DC-4FE7-8166-5B7AEC6FEB4C}.DebugToConsole|Any CPU.Build.0 = Debug|Any CPU
		{7F6F1AAC-E4DC-4FE7-8166-5B7AEC6FEB4C}.DebugToConsole|x64.ActiveCfg = Debug|Any CPU
		{7F6F1AAC-E4DC-4FE7-8166-5B7AEC6FEB4C}.DebugToConsole|x64.Build.0 = Debug|Any CPU
		{7F6F1AAC-E4DC-4FE7-8166-5B7AEC6FEB4C}.Release Examples|Any CPU.ActiveCfg = Debug|Any CPU
		{7F6F1AAC-E4DC-4FE7-8166-5B7AEC6FEB4C}.Release Examples|x64.ActiveCfg = Debug|Any CPU
		{7F6F1AAC-E4DC-4FE7-8166-5B7AEC6FEB4C}.Release Examples|x64.Build.0 = Debug|Any CPU
		{7F6F1AAC-E4DC-4FE7-8166-5B7AEC6FEB4C}.Release_Ubuntu|Any CPU.ActiveCfg = Debug|Any CPU
		{7F6F1AAC-E4DC-4FE7-8166-5B7AEC6FEB4C}.Release_Ubuntu|Any CPU.Build.0 = Debug|Any CPU
		{7F6F1AAC-E4DC-4FE7-8166-5B7AEC6FEB4C}.Release_Ubuntu|x64.ActiveCfg = Debug|Any CPU
		{7F6F1AAC-E4DC-4FE7-8166-5B7AEC6FEB4C}.Release_Ubuntu|x64.Build.0 = Debug|Any CPU
		{7F6F1AAC-E4DC-4FE7-8166-5B7AEC6FEB4C}.Release|Any CPU.ActiveCfg = Debug|Any CPU
		{7F6F1AAC-E4DC-4FE7-8166-5B7AEC6FEB4C}.Release|Any CPU.Build.0 = Debug|Any CPU
		{7F6F1AAC-E4DC-4FE7-8166-5B7AEC6FEB4C}.Release|x64.ActiveCfg = Debug|Any CPU
		{7F6F1AAC-E4DC-4FE7-8166-5B7AEC6FEB4C}.Release|x64.Build.0 = Debug|Any CPU
		{7F6F1AAC-E4DC-4FE7-8166-5B7AEC6FEB4C}.ReleaseLibs|Any CPU.ActiveCfg = Debug|Any CPU
		{7F6F1AAC-E4DC-4FE7-8166-5B7AEC6FEB4C}.ReleaseLibs|x64.ActiveCfg = Debug|Any CPU
		{7F6F1AAC-E4DC-4FE7-8166-5B7AEC6FEB4C}.ReleaseLibs|x64.Build.0 = Debug|Any CPU
		{9FD23EEB-3FF4-41EF-A895-B119A5B253EE}.Debug_Ubuntu|Any CPU.ActiveCfg = Debug|Any CPU
		{9FD23EEB-3FF4-41EF-A895-B119A5B253EE}.Debug_Ubuntu|Any CPU.Build.0 = Debug|Any CPU
		{9FD23EEB-3FF4-41EF-A895-B119A5B253EE}.Debug_Ubuntu|x64.ActiveCfg = Debug|Any CPU
		{9FD23EEB-3FF4-41EF-A895-B119A5B253EE}.Debug_Ubuntu|x64.Build.0 = Debug|Any CPU
		{9FD23EEB-3FF4-41EF-A895-B119A5B253EE}.Debug|Any CPU.ActiveCfg = Debug|Any CPU
		{9FD23EEB-3FF4-41EF-A895-B119A5B253EE}.Debug|Any CPU.Build.0 = Debug|Any CPU
		{9FD23EEB-3FF4-41EF-A895-B119A5B253EE}.Debug|x64.ActiveCfg = Debug|Any CPU
		{9FD23EEB-3FF4-41EF-A895-B119A5B253EE}.Debug|x64.Build.0 = Debug|Any CPU
		{9FD23EEB-3FF4-41EF-A895-B119A5B253EE}.DebugToConsole|Any CPU.ActiveCfg = Debug|Any CPU
		{9FD23EEB-3FF4-41EF-A895-B119A5B253EE}.DebugToConsole|Any CPU.Build.0 = Debug|Any CPU
		{9FD23EEB-3FF4-41EF-A895-B119A5B253EE}.DebugToConsole|x64.ActiveCfg = Debug|Any CPU
		{9FD23EEB-3FF4-41EF-A895-B119A5B253EE}.DebugToConsole|x64.Build.0 = Debug|Any CPU
		{9FD23EEB-3FF4-41EF-A895-B119A5B253EE}.Release Examples|Any CPU.ActiveCfg = Release|Any CPU
		{9FD23EEB-3FF4-41EF-A895-B119A5B253EE}.Release Examples|Any CPU.Build.0 = Release|Any CPU
		{9FD23EEB-3FF4-41EF-A895-B119A5B253EE}.Release Examples|x64.ActiveCfg = Release|Any CPU
		{9FD23EEB-3FF4-41EF-A895-B119A5B253EE}.Release Examples|x64.Build.0 = Release|Any CPU
		{9FD23EEB-3FF4-41EF-A895-B119A5B253EE}.Release_Ubuntu|Any CPU.ActiveCfg = Release|Any CPU
		{9FD23EEB-3FF4-41EF-A895-B119A5B253EE}.Release_Ubuntu|Any CPU.Build.0 = Release|Any CPU
		{9FD23EEB-3FF4-41EF-A895-B119A5B253EE}.Release_Ubuntu|x64.ActiveCfg = Release|Any CPU
		{9FD23EEB-3FF4-41EF-A895-B119A5B253EE}.Release_Ubuntu|x64.Build.0 = Release|Any CPU
		{9FD23EEB-3FF4-41EF-A895-B119A5B253EE}.Release|Any CPU.ActiveCfg = Release|Any CPU
		{9FD23EEB-3FF4-41EF-A895-B119A5B253EE}.Release|Any CPU.Build.0 = Release|Any CPU
		{9FD23EEB-3FF4-41EF-A895-B119A5B253EE}.Release|x64.ActiveCfg = Release|Any CPU
		{9FD23EEB-3FF4-41EF-A895-B119A5B253EE}.Release|x64.Build.0 = Release|Any CPU
		{9FD23EEB-3FF4-41EF-A895-B119A5B253EE}.ReleaseLibs|Any CPU.ActiveCfg = Release|Any CPU
		{9FD23EEB-3FF4-41EF-A895-B119A5B253EE}.ReleaseLibs|Any CPU.Build.0 = Release|Any CPU
		{9FD23EEB-3FF4-41EF-A895-B119A5B253EE}.ReleaseLibs|x64.ActiveCfg = Release|Any CPU
		{9FD23EEB-3FF4-41EF-A895-B119A5B253EE}.ReleaseLibs|x64.Build.0 = Release|Any CPU
		{4B8F8D78-65C9-4CD2-97E2-880B9BA0B804}.Debug_Ubuntu|Any CPU.ActiveCfg = Debug|Any CPU
		{4B8F8D78-65C9-4CD2-97E2-880B9BA0B804}.Debug_Ubuntu|Any CPU.Build.0 = Debug|Any CPU
		{4B8F8D78-65C9-4CD2-97E2-880B9BA0B804}.Debug_Ubuntu|x64.ActiveCfg = Debug|Any CPU
		{4B8F8D78-65C9-4CD2-97E2-880B9BA0B804}.Debug_Ubuntu|x64.Build.0 = Debug|Any CPU
		{4B8F8D78-65C9-4CD2-97E2-880B9BA0B804}.Debug|Any CPU.ActiveCfg = Debug|Any CPU
		{4B8F8D78-65C9-4CD2-97E2-880B9BA0B804}.Debug|Any CPU.Build.0 = Debug|Any CPU
		{4B8F8D78-65C9-4CD2-97E2-880B9BA0B804}.Debug|x64.ActiveCfg = Debug|Any CPU
		{4B8F8D78-65C9-4CD2-97E2-880B9BA0B804}.Debug|x64.Build.0 = Debug|Any CPU
		{4B8F8D78-65C9-4CD2-97E2-880B9BA0B804}.DebugToConsole|Any CPU.ActiveCfg = Debug|Any CPU
		{4B8F8D78-65C9-4CD2-97E2-880B9BA0B804}.DebugToConsole|Any CPU.Build.0 = Debug|Any CPU
		{4B8F8D78-65C9-4CD2-97E2-880B9BA0B804}.DebugToConsole|x64.ActiveCfg = Debug|Any CPU
		{4B8F8D78-65C9-4CD2-97E2-880B9BA0B804}.DebugToConsole|x64.Build.0 = Debug|Any CPU
		{4B8F8D78-65C9-4CD2-97E2-880B9BA0B804}.Release Examples|Any CPU.ActiveCfg = Release|Any CPU
		{4B8F8D78-65C9-4CD2-97E2-880B9BA0B804}.Release Examples|Any CPU.Build.0 = Release|Any CPU
		{4B8F8D78-65C9-4CD2-97E2-880B9BA0B804}.Release Examples|x64.ActiveCfg = Release|Any CPU
		{4B8F8D78-65C9-4CD2-97E2-880B9BA0B804}.Release Examples|x64.Build.0 = Release|Any CPU
		{4B8F8D78-65C9-4CD2-97E2-880B9BA0B804}.Release_Ubuntu|Any CPU.ActiveCfg = Release|Any CPU
		{4B8F8D78-65C9-4CD2-97E2-880B9BA0B804}.Release_Ubuntu|Any CPU.Build.0 = Release|Any CPU
		{4B8F8D78-65C9-4CD2-97E2-880B9BA0B804}.Release_Ubuntu|x64.ActiveCfg = Release|Any CPU
		{4B8F8D78-65C9-4CD2-97E2-880B9BA0B804}.Release_Ubuntu|x64.Build.0 = Release|Any CPU
		{4B8F8D78-65C9-4CD2-97E2-880B9BA0B804}.Release|Any CPU.ActiveCfg = Release|Any CPU
		{4B8F8D78-65C9-4CD2-97E2-880B9BA0B804}.Release|Any CPU.Build.0 = Release|Any CPU
		{4B8F8D78-65C9-4CD2-97E2-880B9BA0B804}.Release|x64.ActiveCfg = Release|Any CPU
		{4B8F8D78-65C9-4CD2-97E2-880B9BA0B804}.Release|x64.Build.0 = Release|Any CPU
		{4B8F8D78-65C9-4CD2-97E2-880B9BA0B804}.ReleaseLibs|Any CPU.ActiveCfg = Release|Any CPU
		{4B8F8D78-65C9-4CD2-97E2-880B9BA0B804}.ReleaseLibs|Any CPU.Build.0 = Release|Any CPU
		{4B8F8D78-65C9-4CD2-97E2-880B9BA0B804}.ReleaseLibs|x64.ActiveCfg = Release|Any CPU
		{4B8F8D78-65C9-4CD2-97E2-880B9BA0B804}.ReleaseLibs|x64.Build.0 = Release|Any CPU
		{1FF20335-E341-436E-8C3E-47BA78665644}.Debug_Ubuntu|Any CPU.ActiveCfg = Debug|Any CPU
		{1FF20335-E341-436E-8C3E-47BA78665644}.Debug_Ubuntu|Any CPU.Build.0 = Debug|Any CPU
		{1FF20335-E341-436E-8C3E-47BA78665644}.Debug_Ubuntu|x64.ActiveCfg = Debug|Any CPU
		{1FF20335-E341-436E-8C3E-47BA78665644}.Debug_Ubuntu|x64.Build.0 = Debug|Any CPU
		{1FF20335-E341-436E-8C3E-47BA78665644}.Debug|Any CPU.ActiveCfg = Debug|Any CPU
		{1FF20335-E341-436E-8C3E-47BA78665644}.Debug|Any CPU.Build.0 = Debug|Any CPU
		{1FF20335-E341-436E-8C3E-47BA78665644}.Debug|x64.ActiveCfg = Debug|Any CPU
		{1FF20335-E341-436E-8C3E-47BA78665644}.Debug|x64.Build.0 = Debug|Any CPU
		{1FF20335-E341-436E-8C3E-47BA78665644}.DebugToConsole|Any CPU.ActiveCfg = Debug|Any CPU
		{1FF20335-E341-436E-8C3E-47BA78665644}.DebugToConsole|Any CPU.Build.0 = Debug|Any CPU
		{1FF20335-E341-436E-8C3E-47BA78665644}.DebugToConsole|x64.ActiveCfg = Debug|Any CPU
		{1FF20335-E341-436E-8C3E-47BA78665644}.DebugToConsole|x64.Build.0 = Debug|Any CPU
		{1FF20335-E341-436E-8C3E-47BA78665644}.Release Examples|Any CPU.ActiveCfg = Release|Any CPU
		{1FF20335-E341-436E-8C3E-47BA78665644}.Release Examples|Any CPU.Build.0 = Release|Any CPU
		{1FF20335-E341-436E-8C3E-47BA78665644}.Release Examples|x64.ActiveCfg = Release|Any CPU
		{1FF20335-E341-436E-8C3E-47BA78665644}.Release Examples|x64.Build.0 = Release|Any CPU
		{1FF20335-E341-436E-8C3E-47BA78665644}.Release_Ubuntu|Any CPU.ActiveCfg = Release|Any CPU
		{1FF20335-E341-436E-8C3E-47BA78665644}.Release_Ubuntu|Any CPU.Build.0 = Release|Any CPU
		{1FF20335-E341-436E-8C3E-47BA78665644}.Release_Ubuntu|x64.ActiveCfg = Release|Any CPU
		{1FF20335-E341-436E-8C3E-47BA78665644}.Release_Ubuntu|x64.Build.0 = Release|Any CPU
		{1FF20335-E341-436E-8C3E-47BA78665644}.Release|Any CPU.ActiveCfg = Release|Any CPU
		{1FF20335-E341-436E-8C3E-47BA78665644}.Release|Any CPU.Build.0 = Release|Any CPU
		{1FF20335-E341-436E-8C3E-47BA78665644}.Release|x64.ActiveCfg = Release|Any CPU
		{1FF20335-E341-436E-8C3E-47BA78665644}.Release|x64.Build.0 = Release|Any CPU
		{1FF20335-E341-436E-8C3E-47BA78665644}.ReleaseLibs|Any CPU.ActiveCfg = Release|Any CPU
		{1FF20335-E341-436E-8C3E-47BA78665644}.ReleaseLibs|Any CPU.Build.0 = Release|Any CPU
		{1FF20335-E341-436E-8C3E-47BA78665644}.ReleaseLibs|x64.ActiveCfg = Release|Any CPU
		{1FF20335-E341-436E-8C3E-47BA78665644}.ReleaseLibs|x64.Build.0 = Release|Any CPU
		{817BA7A4-8CD6-4C3E-9EDE-F20104F9917D}.Debug_Ubuntu|Any CPU.ActiveCfg = Debug|Any CPU
		{817BA7A4-8CD6-4C3E-9EDE-F20104F9917D}.Debug_Ubuntu|Any CPU.Build.0 = Debug|Any CPU
		{817BA7A4-8CD6-4C3E-9EDE-F20104F9917D}.Debug_Ubuntu|x64.ActiveCfg = Debug|Any CPU
		{817BA7A4-8CD6-4C3E-9EDE-F20104F9917D}.Debug_Ubuntu|x64.Build.0 = Debug|Any CPU
		{817BA7A4-8CD6-4C3E-9EDE-F20104F9917D}.Debug|Any CPU.ActiveCfg = Debug|Any CPU
		{817BA7A4-8CD6-4C3E-9EDE-F20104F9917D}.Debug|Any CPU.Build.0 = Debug|Any CPU
		{817BA7A4-8CD6-4C3E-9EDE-F20104F9917D}.Debug|x64.ActiveCfg = Debug|Any CPU
		{817BA7A4-8CD6-4C3E-9EDE-F20104F9917D}.Debug|x64.Build.0 = Debug|Any CPU
		{817BA7A4-8CD6-4C3E-9EDE-F20104F9917D}.DebugToConsole|Any CPU.ActiveCfg = Debug|Any CPU
		{817BA7A4-8CD6-4C3E-9EDE-F20104F9917D}.DebugToConsole|Any CPU.Build.0 = Debug|Any CPU
		{817BA7A4-8CD6-4C3E-9EDE-F20104F9917D}.DebugToConsole|x64.ActiveCfg = Debug|Any CPU
		{817BA7A4-8CD6-4C3E-9EDE-F20104F9917D}.DebugToConsole|x64.Build.0 = Debug|Any CPU
		{817BA7A4-8CD6-4C3E-9EDE-F20104F9917D}.Release Examples|Any CPU.ActiveCfg = Release|Any CPU
		{817BA7A4-8CD6-4C3E-9EDE-F20104F9917D}.Release Examples|Any CPU.Build.0 = Release|Any CPU
		{817BA7A4-8CD6-4C3E-9EDE-F20104F9917D}.Release Examples|x64.ActiveCfg = Release|Any CPU
		{817BA7A4-8CD6-4C3E-9EDE-F20104F9917D}.Release Examples|x64.Build.0 = Release|Any CPU
		{817BA7A4-8CD6-4C3E-9EDE-F20104F9917D}.Release_Ubuntu|Any CPU.ActiveCfg = Release|Any CPU
		{817BA7A4-8CD6-4C3E-9EDE-F20104F9917D}.Release_Ubuntu|Any CPU.Build.0 = Release|Any CPU
		{817BA7A4-8CD6-4C3E-9EDE-F20104F9917D}.Release_Ubuntu|x64.ActiveCfg = Release|Any CPU
		{817BA7A4-8CD6-4C3E-9EDE-F20104F9917D}.Release_Ubuntu|x64.Build.0 = Release|Any CPU
		{817BA7A4-8CD6-4C3E-9EDE-F20104F9917D}.Release|Any CPU.ActiveCfg = Release|Any CPU
		{817BA7A4-8CD6-4C3E-9EDE-F20104F9917D}.Release|Any CPU.Build.0 = Release|Any CPU
		{817BA7A4-8CD6-4C3E-9EDE-F20104F9917D}.Release|x64.ActiveCfg = Release|Any CPU
		{817BA7A4-8CD6-4C3E-9EDE-F20104F9917D}.Release|x64.Build.0 = Release|Any CPU
		{817BA7A4-8CD6-4C3E-9EDE-F20104F9917D}.ReleaseLibs|Any CPU.ActiveCfg = Release|Any CPU
		{817BA7A4-8CD6-4C3E-9EDE-F20104F9917D}.ReleaseLibs|Any CPU.Build.0 = Release|Any CPU
		{817BA7A4-8CD6-4C3E-9EDE-F20104F9917D}.ReleaseLibs|x64.ActiveCfg = Release|Any CPU
		{817BA7A4-8CD6-4C3E-9EDE-F20104F9917D}.ReleaseLibs|x64.Build.0 = Release|Any CPU
		{9E1DB443-797C-4A24-9C94-508240FD7CDB}.Debug_Ubuntu|Any CPU.ActiveCfg = Debug|Any CPU
		{9E1DB443-797C-4A24-9C94-508240FD7CDB}.Debug_Ubuntu|Any CPU.Build.0 = Debug|Any CPU
		{9E1DB443-797C-4A24-9C94-508240FD7CDB}.Debug_Ubuntu|x64.ActiveCfg = Debug|Any CPU
		{9E1DB443-797C-4A24-9C94-508240FD7CDB}.Debug_Ubuntu|x64.Build.0 = Debug|Any CPU
		{9E1DB443-797C-4A24-9C94-508240FD7CDB}.Debug|Any CPU.ActiveCfg = Debug|Any CPU
		{9E1DB443-797C-4A24-9C94-508240FD7CDB}.Debug|Any CPU.Build.0 = Debug|Any CPU
		{9E1DB443-797C-4A24-9C94-508240FD7CDB}.Debug|x64.ActiveCfg = Debug|Any CPU
		{9E1DB443-797C-4A24-9C94-508240FD7CDB}.Debug|x64.Build.0 = Debug|Any CPU
		{9E1DB443-797C-4A24-9C94-508240FD7CDB}.DebugToConsole|Any CPU.ActiveCfg = Debug|Any CPU
		{9E1DB443-797C-4A24-9C94-508240FD7CDB}.DebugToConsole|Any CPU.Build.0 = Debug|Any CPU
		{9E1DB443-797C-4A24-9C94-508240FD7CDB}.DebugToConsole|x64.ActiveCfg = Debug|Any CPU
		{9E1DB443-797C-4A24-9C94-508240FD7CDB}.DebugToConsole|x64.Build.0 = Debug|Any CPU
		{9E1DB443-797C-4A24-9C94-508240FD7CDB}.Release Examples|Any CPU.ActiveCfg = Release|Any CPU
		{9E1DB443-797C-4A24-9C94-508240FD7CDB}.Release Examples|Any CPU.Build.0 = Release|Any CPU
		{9E1DB443-797C-4A24-9C94-508240FD7CDB}.Release Examples|x64.ActiveCfg = Release|Any CPU
		{9E1DB443-797C-4A24-9C94-508240FD7CDB}.Release Examples|x64.Build.0 = Release|Any CPU
		{9E1DB443-797C-4A24-9C94-508240FD7CDB}.Release_Ubuntu|Any CPU.ActiveCfg = Release|Any CPU
		{9E1DB443-797C-4A24-9C94-508240FD7CDB}.Release_Ubuntu|Any CPU.Build.0 = Release|Any CPU
		{9E1DB443-797C-4A24-9C94-508240FD7CDB}.Release_Ubuntu|x64.ActiveCfg = Release|Any CPU
		{9E1DB443-797C-4A24-9C94-508240FD7CDB}.Release_Ubuntu|x64.Build.0 = Release|Any CPU
		{9E1DB443-797C-4A24-9C94-508240FD7CDB}.Release|Any CPU.ActiveCfg = Release|Any CPU
		{9E1DB443-797C-4A24-9C94-508240FD7CDB}.Release|Any CPU.Build.0 = Release|Any CPU
		{9E1DB443-797C-4A24-9C94-508240FD7CDB}.Release|x64.ActiveCfg = Release|Any CPU
		{9E1DB443-797C-4A24-9C94-508240FD7CDB}.Release|x64.Build.0 = Release|Any CPU
		{9E1DB443-797C-4A24-9C94-508240FD7CDB}.ReleaseLibs|Any CPU.ActiveCfg = Release|Any CPU
		{9E1DB443-797C-4A24-9C94-508240FD7CDB}.ReleaseLibs|Any CPU.Build.0 = Release|Any CPU
		{9E1DB443-797C-4A24-9C94-508240FD7CDB}.ReleaseLibs|x64.ActiveCfg = Release|Any CPU
		{9E1DB443-797C-4A24-9C94-508240FD7CDB}.ReleaseLibs|x64.Build.0 = Release|Any CPU
		{DE5B0BD3-079D-4C9B-B5BB-582E72A4A0AF}.Debug_Ubuntu|Any CPU.ActiveCfg = Debug|Any CPU
		{DE5B0BD3-079D-4C9B-B5BB-582E72A4A0AF}.Debug_Ubuntu|Any CPU.Build.0 = Debug|Any CPU
		{DE5B0BD3-079D-4C9B-B5BB-582E72A4A0AF}.Debug_Ubuntu|x64.ActiveCfg = Debug|Any CPU
		{DE5B0BD3-079D-4C9B-B5BB-582E72A4A0AF}.Debug_Ubuntu|x64.Build.0 = Debug|Any CPU
		{DE5B0BD3-079D-4C9B-B5BB-582E72A4A0AF}.Debug|Any CPU.ActiveCfg = Debug|Any CPU
		{DE5B0BD3-079D-4C9B-B5BB-582E72A4A0AF}.Debug|Any CPU.Build.0 = Debug|Any CPU
		{DE5B0BD3-079D-4C9B-B5BB-582E72A4A0AF}.Debug|x64.ActiveCfg = Debug|Any CPU
		{DE5B0BD3-079D-4C9B-B5BB-582E72A4A0AF}.Debug|x64.Build.0 = Debug|Any CPU
		{DE5B0BD3-079D-4C9B-B5BB-582E72A4A0AF}.DebugToConsole|Any CPU.ActiveCfg = Debug|Any CPU
		{DE5B0BD3-079D-4C9B-B5BB-582E72A4A0AF}.DebugToConsole|Any CPU.Build.0 = Debug|Any CPU
		{DE5B0BD3-079D-4C9B-B5BB-582E72A4A0AF}.DebugToConsole|x64.ActiveCfg = Debug|Any CPU
		{DE5B0BD3-079D-4C9B-B5BB-582E72A4A0AF}.DebugToConsole|x64.Build.0 = Debug|Any CPU
		{DE5B0BD3-079D-4C9B-B5BB-582E72A4A0AF}.Release Examples|Any CPU.ActiveCfg = Release|Any CPU
		{DE5B0BD3-079D-4C9B-B5BB-582E72A4A0AF}.Release Examples|Any CPU.Build.0 = Release|Any CPU
		{DE5B0BD3-079D-4C9B-B5BB-582E72A4A0AF}.Release Examples|x64.ActiveCfg = Release|Any CPU
		{DE5B0BD3-079D-4C9B-B5BB-582E72A4A0AF}.Release Examples|x64.Build.0 = Release|Any CPU
		{DE5B0BD3-079D-4C9B-B5BB-582E72A4A0AF}.Release_Ubuntu|Any CPU.ActiveCfg = Release|Any CPU
		{DE5B0BD3-079D-4C9B-B5BB-582E72A4A0AF}.Release_Ubuntu|Any CPU.Build.0 = Release|Any CPU
		{DE5B0BD3-079D-4C9B-B5BB-582E72A4A0AF}.Release_Ubuntu|x64.ActiveCfg = Release|Any CPU
		{DE5B0BD3-079D-4C9B-B5BB-582E72A4A0AF}.Release_Ubuntu|x64.Build.0 = Release|Any CPU
		{DE5B0BD3-079D-4C9B-B5BB-582E72A4A0AF}.Release|Any CPU.ActiveCfg = Release|Any CPU
		{DE5B0BD3-079D-4C9B-B5BB-582E72A4A0AF}.Release|Any CPU.Build.0 = Release|Any CPU
		{DE5B0BD3-079D-4C9B-B5BB-582E72A4A0AF}.Release|x64.ActiveCfg = Release|Any CPU
		{DE5B0BD3-079D-4C9B-B5BB-582E72A4A0AF}.Release|x64.Build.0 = Release|Any CPU
		{DE5B0BD3-079D-4C9B-B5BB-582E72A4A0AF}.ReleaseLibs|Any CPU.ActiveCfg = Release|Any CPU
		{DE5B0BD3-079D-4C9B-B5BB-582E72A4A0AF}.ReleaseLibs|Any CPU.Build.0 = Release|Any CPU
		{DE5B0BD3-079D-4C9B-B5BB-582E72A4A0AF}.ReleaseLibs|x64.ActiveCfg = Release|Any CPU
		{DE5B0BD3-079D-4C9B-B5BB-582E72A4A0AF}.ReleaseLibs|x64.Build.0 = Release|Any CPU
		{F87B4C37-8004-493D-9595-719B8165D210}.Debug_Ubuntu|Any CPU.ActiveCfg = Debug|Any CPU
		{F87B4C37-8004-493D-9595-719B8165D210}.Debug_Ubuntu|Any CPU.Build.0 = Debug|Any CPU
		{F87B4C37-8004-493D-9595-719B8165D210}.Debug_Ubuntu|x64.ActiveCfg = Debug|Any CPU
		{F87B4C37-8004-493D-9595-719B8165D210}.Debug_Ubuntu|x64.Build.0 = Debug|Any CPU
		{F87B4C37-8004-493D-9595-719B8165D210}.Debug|Any CPU.ActiveCfg = Debug|Any CPU
		{F87B4C37-8004-493D-9595-719B8165D210}.Debug|Any CPU.Build.0 = Debug|Any CPU
		{F87B4C37-8004-493D-9595-719B8165D210}.Debug|x64.ActiveCfg = Debug|Any CPU
		{F87B4C37-8004-493D-9595-719B8165D210}.Debug|x64.Build.0 = Debug|Any CPU
		{F87B4C37-8004-493D-9595-719B8165D210}.DebugToConsole|Any CPU.ActiveCfg = Debug|Any CPU
		{F87B4C37-8004-493D-9595-719B8165D210}.DebugToConsole|Any CPU.Build.0 = Debug|Any CPU
		{F87B4C37-8004-493D-9595-719B8165D210}.DebugToConsole|x64.ActiveCfg = Debug|Any CPU
		{F87B4C37-8004-493D-9595-719B8165D210}.DebugToConsole|x64.Build.0 = Debug|Any CPU
		{F87B4C37-8004-493D-9595-719B8165D210}.Release Examples|Any CPU.ActiveCfg = Release|Any CPU
		{F87B4C37-8004-493D-9595-719B8165D210}.Release Examples|Any CPU.Build.0 = Release|Any CPU
		{F87B4C37-8004-493D-9595-719B8165D210}.Release Examples|x64.ActiveCfg = Release|Any CPU
		{F87B4C37-8004-493D-9595-719B8165D210}.Release Examples|x64.Build.0 = Release|Any CPU
		{F87B4C37-8004-493D-9595-719B8165D210}.Release_Ubuntu|Any CPU.ActiveCfg = Release|Any CPU
		{F87B4C37-8004-493D-9595-719B8165D210}.Release_Ubuntu|Any CPU.Build.0 = Release|Any CPU
		{F87B4C37-8004-493D-9595-719B8165D210}.Release_Ubuntu|x64.ActiveCfg = Release|Any CPU
		{F87B4C37-8004-493D-9595-719B8165D210}.Release_Ubuntu|x64.Build.0 = Release|Any CPU
		{F87B4C37-8004-493D-9595-719B8165D210}.Release|Any CPU.ActiveCfg = Release|Any CPU
		{F87B4C37-8004-493D-9595-719B8165D210}.Release|Any CPU.Build.0 = Release|Any CPU
		{F87B4C37-8004-493D-9595-719B8165D210}.Release|x64.ActiveCfg = Release|Any CPU
		{F87B4C37-8004-493D-9595-719B8165D210}.Release|x64.Build.0 = Release|Any CPU
		{F87B4C37-8004-493D-9595-719B8165D210}.ReleaseLibs|Any CPU.ActiveCfg = Release|Any CPU
		{F87B4C37-8004-493D-9595-719B8165D210}.ReleaseLibs|Any CPU.Build.0 = Release|Any CPU
		{F87B4C37-8004-493D-9595-719B8165D210}.ReleaseLibs|x64.ActiveCfg = Release|Any CPU
		{F87B4C37-8004-493D-9595-719B8165D210}.ReleaseLibs|x64.Build.0 = Release|Any CPU
		{761FB81F-4649-4302-9B21-8BE20AABDFC1}.Debug_Ubuntu|Any CPU.ActiveCfg = Debug|Any CPU
		{761FB81F-4649-4302-9B21-8BE20AABDFC1}.Debug_Ubuntu|Any CPU.Build.0 = Debug|Any CPU
		{761FB81F-4649-4302-9B21-8BE20AABDFC1}.Debug_Ubuntu|x64.ActiveCfg = Debug|Any CPU
		{761FB81F-4649-4302-9B21-8BE20AABDFC1}.Debug_Ubuntu|x64.Build.0 = Debug|Any CPU
		{761FB81F-4649-4302-9B21-8BE20AABDFC1}.Debug|Any CPU.ActiveCfg = Debug|Any CPU
		{761FB81F-4649-4302-9B21-8BE20AABDFC1}.Debug|Any CPU.Build.0 = Debug|Any CPU
		{761FB81F-4649-4302-9B21-8BE20AABDFC1}.Debug|x64.ActiveCfg = Debug|Any CPU
		{761FB81F-4649-4302-9B21-8BE20AABDFC1}.Debug|x64.Build.0 = Debug|Any CPU
		{761FB81F-4649-4302-9B21-8BE20AABDFC1}.DebugToConsole|Any CPU.ActiveCfg = Debug|Any CPU
		{761FB81F-4649-4302-9B21-8BE20AABDFC1}.DebugToConsole|Any CPU.Build.0 = Debug|Any CPU
		{761FB81F-4649-4302-9B21-8BE20AABDFC1}.DebugToConsole|x64.ActiveCfg = Debug|Any CPU
		{761FB81F-4649-4302-9B21-8BE20AABDFC1}.DebugToConsole|x64.Build.0 = Debug|Any CPU
		{761FB81F-4649-4302-9B21-8BE20AABDFC1}.Release Examples|Any CPU.ActiveCfg = Release|Any CPU
		{761FB81F-4649-4302-9B21-8BE20AABDFC1}.Release Examples|Any CPU.Build.0 = Release|Any CPU
		{761FB81F-4649-4302-9B21-8BE20AABDFC1}.Release Examples|x64.ActiveCfg = Release|Any CPU
		{761FB81F-4649-4302-9B21-8BE20AABDFC1}.Release Examples|x64.Build.0 = Release|Any CPU
		{761FB81F-4649-4302-9B21-8BE20AABDFC1}.Release_Ubuntu|Any CPU.ActiveCfg = Release|Any CPU
		{761FB81F-4649-4302-9B21-8BE20AABDFC1}.Release_Ubuntu|Any CPU.Build.0 = Release|Any CPU
		{761FB81F-4649-4302-9B21-8BE20AABDFC1}.Release_Ubuntu|x64.ActiveCfg = Release|Any CPU
		{761FB81F-4649-4302-9B21-8BE20AABDFC1}.Release_Ubuntu|x64.Build.0 = Release|Any CPU
		{761FB81F-4649-4302-9B21-8BE20AABDFC1}.Release|Any CPU.ActiveCfg = Release|Any CPU
		{761FB81F-4649-4302-9B21-8BE20AABDFC1}.Release|Any CPU.Build.0 = Release|Any CPU
		{761FB81F-4649-4302-9B21-8BE20AABDFC1}.Release|x64.ActiveCfg = Release|Any CPU
		{761FB81F-4649-4302-9B21-8BE20AABDFC1}.Release|x64.Build.0 = Release|Any CPU
		{761FB81F-4649-4302-9B21-8BE20AABDFC1}.ReleaseLibs|Any CPU.ActiveCfg = Release|Any CPU
		{761FB81F-4649-4302-9B21-8BE20AABDFC1}.ReleaseLibs|Any CPU.Build.0 = Release|Any CPU
		{761FB81F-4649-4302-9B21-8BE20AABDFC1}.ReleaseLibs|x64.ActiveCfg = Release|Any CPU
		{761FB81F-4649-4302-9B21-8BE20AABDFC1}.ReleaseLibs|x64.Build.0 = Release|Any CPU
	EndGlobalSection
	GlobalSection(SolutionProperties) = preSolution
		HideSolutionNode = FALSE
	EndGlobalSection
	GlobalSection(ExtensibilityGlobals) = postSolution
		SolutionGuid = {4425229B-224C-40B3-8795-E5C81D163BBE}
	EndGlobalSection
EndGlobal
