
Microsoft Visual Studio Solution File, Format Version 12.00
# Visual Studio Version 16
VisualStudioVersion = 16.0.29020.237
MinimumVisualStudioVersion = 10.0.40219.1
Project("{FAE04EC0-301F-11D3-BF4B-00C04F79EFBC}") = "GuildDuplicator", "GuildDuplicator\GuildDuplicator.csproj", "{0F326CA8-EF09-4234-ADA6-68D9CFB62996}"
EndProject
Project("{FAE04EC0-301F-11D3-BF4B-00C04F79EFBC}") = "Anarchy", "..\..\Anarchy\Anarchy.csproj", "{7F6F1AAC-E4DC-4FE7-8166-5B7AEC6FEB4C}"
EndProject
Global
	GlobalSection(SolutionConfigurationPlatforms) = preSolution
		Debug|Any CPU = Debug|Any CPU
		Release|Any CPU = Release|Any CPU
	EndGlobalSection
	GlobalSection(ProjectConfigurationPlatforms) = postSolution
		{0F326CA8-EF09-4234-ADA6-68D9CFB62996}.Debug|Any CPU.ActiveCfg = Debug|Any CPU
		{0F326CA8-EF09-4234-ADA6-68D9CFB62996}.Debug|Any CPU.Build.0 = Debug|Any CPU
		{0F326CA8-EF09-4234-ADA6-68D9CFB62996}.Release|Any CPU.ActiveCfg = Release|Any CPU
		{0F326CA8-EF09-4234-ADA6-68D9CFB62996}.Release|Any CPU.Build.0 = Release|Any CPU
		{7F6F1AAC-E4DC-4FE7-8166-5B7AEC6FEB4C}.Debug|Any CPU.ActiveCfg = Debug|Any CPU
		{7F6F1AAC-E4DC-4FE7-8166-5B7AEC6FEB4C}.Debug|Any CPU.Build.0 = Debug|Any CPU
		{7F6F1AAC-E4DC-4FE7-8166-5B7AEC6FEB4C}.Release|Any CPU.ActiveCfg = Debug|Any CPU
		{7F6F1AAC-E4DC-4FE7-8166-5B7AEC6FEB4C}.Release|Any CPU.Build.0 = Debug|Any CPU
	EndGlobalSection
	GlobalSection(SolutionProperties) = preSolution
		HideSolutionNode = FALSE
	EndGlobalSection
	GlobalSection(ExtensibilityGlobals) = postSolution
		SolutionGuid = {9FF249F4-C424-4E89-A9A5-7726BBC197B4}
	EndGlobalSection
EndGlobal
