
Microsoft Visual Studio Solution File, Format Version 12.00
# Visual Studio Version 16
VisualStudioVersion = 16.0.30309.148
MinimumVisualStudioVersion = 10.0.40219.1
Project("{FAE04EC0-301F-11D3-BF4B-00C04F79EFBC}") = "MusicBot", "MusicBot\MusicBot.csproj", "{43656CF5-DC8C-4D76-BCC8-A36293C4F473}"
EndProject
Project("{FAE04EC0-301F-11D3-BF4B-00C04F79EFBC}") = "Anarchy", "..\..\Anarchy\Anarchy.csproj", "{7F6F1AAC-E4DC-4FE7-8166-5B7AEC6FEB4C}"
EndProject
Global
	GlobalSection(SolutionConfigurationPlatforms) = preSolution
		Debug|Any CPU = Debug|Any CPU
		Release|Any CPU = Release|Any CPU
	EndGlobalSection
	GlobalSection(ProjectConfigurationPlatforms) = postSolution
		{43656CF5-DC8C-4D76-BCC8-A36293C4F473}.Debug|Any CPU.ActiveCfg = Debug|Any CPU
		{43656CF5-DC8C-4D76-BCC8-A36293C4F473}.Debug|Any CPU.Build.0 = Debug|Any CPU
		{43656CF5-DC8C-4D76-BCC8-A36293C4F473}.Release|Any CPU.ActiveCfg = Release|Any CPU
		{43656CF5-DC8C-4D76-BCC8-A36293C4F473}.Release|Any CPU.Build.0 = Release|Any CPU
		{7F6F1AAC-E4DC-4FE7-8166-5B7AEC6FEB4C}.Debug|Any CPU.ActiveCfg = Debug|Any CPU
		{7F6F1AAC-E4DC-4FE7-8166-5B7AEC6FEB4C}.Debug|Any CPU.Build.0 = Debug|Any CPU
		{7F6F1AAC-E4DC-4FE7-8166-5B7AEC6FEB4C}.Release|Any CPU.ActiveCfg = Debug|Any CPU
		{7F6F1AAC-E4DC-4FE7-8166-5B7AEC6FEB4C}.Release|Any CPU.Build.0 = Debug|Any CPU
	EndGlobalSection
	GlobalSection(SolutionProperties) = preSolution
		HideSolutionNode = FALSE
	EndGlobalSection
	GlobalSection(ExtensibilityGlobals) = postSolution
		SolutionGuid = {E2A365AA-8C5F-43AC-9C77-205D3BC5C006}
	EndGlobalSection
EndGlobal
