
Microsoft Visual Studio Solution File, Format Version 12.00
# Visual Studio Version 16
VisualStudioVersion = 16.0.29920.165
MinimumVisualStudioVersion = 10.0.40219.1
Project("{FAE04EC0-301F-11D3-BF4B-00C04F79EFBC}") = "MusicBot", "MusicBot\MusicBot.csproj", "{81CE9A74-7D7F-4552-9988-8017E4A7F38B}"
EndProject
Project("{FAE04EC0-301F-11D3-BF4B-00C04F79EFBC}") = "Anarchy", "..\..\Anarchy\Anarchy.csproj", "{7F6F1AAC-E4DC-4FE7-8166-5B7AEC6FEB4C}"
EndProject
Global
	GlobalSection(SolutionConfigurationPlatforms) = preSolution
		Debug|Any CPU = Debug|Any CPU
		Release|Any CPU = Release|Any CPU
	EndGlobalSection
	GlobalSection(ProjectConfigurationPlatforms) = postSolution
		{81CE9A74-7D7F-4552-9988-8017E4A7F38B}.Debug|Any CPU.ActiveCfg = Debug|Any CPU
		{81CE9A74-7D7F-4552-9988-8017E4A7F38B}.Debug|Any CPU.Build.0 = Debug|Any CPU
		{81CE9A74-7D7F-4552-9988-8017E4A7F38B}.Release|Any CPU.ActiveCfg = Release|Any CPU
		{81CE9A74-7D7F-4552-9988-8017E4A7F38B}.Release|Any CPU.Build.0 = Release|Any CPU
		{7F6F1AAC-E4DC-4FE7-8166-5B7AEC6FEB4C}.Debug|Any CPU.ActiveCfg = Debug|Any CPU
		{7F6F1AAC-E4DC-4FE7-8166-5B7AEC6FEB4C}.Debug|Any CPU.Build.0 = Debug|Any CPU
		{7F6F1AAC-E4DC-4FE7-8166-5B7AEC6FEB4C}.Release|Any CPU.ActiveCfg = Release|Any CPU
		{7F6F1AAC-E4DC-4FE7-8166-5B7AEC6FEB4C}.Release|Any CPU.Build.0 = Release|Any CPU
	EndGlobalSection
	GlobalSection(SolutionProperties) = preSolution
		HideSolutionNode = FALSE
	EndGlobalSection
	GlobalSection(ExtensibilityGlobals) = postSolution
		SolutionGuid = {009F2B09-E05F-4C43-9695-2DE3D79DD53A}
	EndGlobalSection
EndGlobal
