
Microsoft Visual Studio Solution File, Format Version 12.00
# Visual Studio Version 16
VisualStudioVersion = 16.0.29020.237
MinimumVisualStudioVersion = 10.0.40219.1
Project("{FAE04EC0-301F-11D3-BF4B-00C04F79EFBC}") = "MessageLogger", "MessageLogger\MessageLogger.csproj", "{9F383909-BE20-48A1-B345-D87F67804B1B}"
EndProject
Project("{FAE04EC0-301F-11D3-BF4B-00C04F79EFBC}") = "Anarchy", "..\..\Anarchy\Anarchy.csproj", "{18C13E5D-D4D2-4310-993C-2F2644DB8D54}"
EndProject
Global
	GlobalSection(SolutionConfigurationPlatforms) = preSolution
		Debug|Any CPU = Debug|Any CPU
		Release|Any CPU = Release|Any CPU
	EndGlobalSection
	GlobalSection(ProjectConfigurationPlatforms) = postSolution
		{9F383909-BE20-48A1-B345-D87F67804B1B}.Debug|Any CPU.ActiveCfg = Debug|Any CPU
		{9F383909-BE20-48A1-B345-D87F67804B1B}.Debug|Any CPU.Build.0 = Debug|Any CPU
		{9F383909-BE20-48A1-B345-D87F67804B1B}.Release|Any CPU.ActiveCfg = Release|Any CPU
		{9F383909-BE20-48A1-B345-D87F67804B1B}.Release|Any CPU.Build.0 = Release|Any CPU
		{18C13E5D-D4D2-4310-993C-2F2644DB8D54}.Debug|Any CPU.ActiveCfg = Debug|Any CPU
		{18C13E5D-D4D2-4310-993C-2F2644DB8D54}.Debug|Any CPU.Build.0 = Debug|Any CPU
		{18C13E5D-D4D2-4310-993C-2F2644DB8D54}.Release|Any CPU.ActiveCfg = Release|Any CPU
		{18C13E5D-D4D2-4310-993C-2F2644DB8D54}.Release|Any CPU.Build.0 = Release|Any CPU
	EndGlobalSection
	GlobalSection(SolutionProperties) = preSolution
		HideSolutionNode = FALSE
	EndGlobalSection
	GlobalSection(ExtensibilityGlobals) = postSolution
		SolutionGuid = {05C08337-F45F-472F-B0FB-694CEB0B78BD}
	EndGlobalSection
EndGlobal
